{
    "_readme": [
        "This file locks the dependencies of your project to a known state",
        "Read more about it at https://getcomposer.org/doc/01-basic-usage.md#composer-lock-the-lock-file",
        "This file is @generated automatically"
    ],
    "hash": "8c0d4ad51ca7a4788824f4216140a07f",
    "content-hash": "a81b8f51cbd2e448b3129eeabcd6930d",
    "packages": [
        {
            "name": "shuber/curl",
            "version": "dev-master",
            "source": {
                "type": "git",
                "url": "https://github.com/hamstar/curl.git",
                "reference": "6624992df201f9fd7262080117385dd09b0ecd2b"
            },
            "dist": {
                "type": "zip",
                "url": "https://api.github.com/repos/hamstar/curl/zipball/6624992df201f9fd7262080117385dd09b0ecd2b",
                "reference": "6624992df201f9fd7262080117385dd09b0ecd2b",
                "shasum": ""
            },
            "type": "library",
            "autoload": {
                "files": [
                    "curl.php"
                ]
            },
            "notification-url": "https://packagist.org/downloads/",
            "license": [
                "MIT"
            ],
            "description": "PHP Wrapper for Curl",
            "keywords": [
                "bot",
                "curl",
                "scraper",
                "spider"
            ],
            "time": "2013-11-23 01:44:31"
        }
    ],
    "packages-dev": [],
    "aliases": [],
    "minimum-stability": "stable",
    "stability-flags": {
        "shuber/curl": 20
    },
    "prefer-stable": false,
    "prefer-lowest": false,
    "platform": [],
    "platform-dev": []
}
